
Microsoft Visual Studio Solution File, Format Version 12.00
# Visual Studio Version 16
VisualStudioVersion = 16.0.28729.10
MinimumVisualStudioVersion = 10.0.40219.1
Project("{FAE04EC0-301F-11D3-BF4B-00C04F79EFBC}") = "First_50_Problems", "50_Problems\First_50_Problems.csproj", "{688EE156-78F8-4E96-8ECA-E34BAA0E1930}"
EndProject
Project("{2150E333-8FDC-42A3-9474-1A3956D46DE8}") = "Problems", "Problems", "{0DC2F83C-1E53-41FB-B503-87A2BD7ED93B}"
EndProject
Project("{2150E333-8FDC-42A3-9474-1A3956D46DE8}") = "Tests", "Tests", "{B0BA9CD3-9DBE-4BC0-979E-EDF8A3F6CA95}"
EndProject
Project("{FAE04EC0-301F-11D3-BF4B-00C04F79EFBC}") = "UnitTestProject1", "UnitTestProject1\UnitTestProject1.csproj", "{44DDA765-17B9-4DAB-B268-DC1BEC9CF324}"
EndProject
Global
	GlobalSection(SolutionConfigurationPlatforms) = preSolution
		Debug|Any CPU = Debug|Any CPU
		Release|Any CPU = Release|Any CPU
	EndGlobalSection
	GlobalSection(ProjectConfigurationPlatforms) = postSolution
		{688EE156-78F8-4E96-8ECA-E34BAA0E1930}.Debug|Any CPU.ActiveCfg = Debug|Any CPU
		{688EE156-78F8-4E96-8ECA-E34BAA0E1930}.Debug|Any CPU.Build.0 = Debug|Any CPU
		{688EE156-78F8-4E96-8ECA-E34BAA0E1930}.Release|Any CPU.ActiveCfg = Release|Any CPU
		{688EE156-78F8-4E96-8ECA-E34BAA0E1930}.Release|Any CPU.Build.0 = Release|Any CPU
		{44DDA765-17B9-4DAB-B268-DC1BEC9CF324}.Debug|Any CPU.ActiveCfg = Debug|Any CPU
		{44DDA765-17B9-4DAB-B268-DC1BEC9CF324}.Debug|Any CPU.Build.0 = Debug|Any CPU
		{44DDA765-17B9-4DAB-B268-DC1BEC9CF324}.Release|Any CPU.ActiveCfg = Release|Any CPU
		{44DDA765-17B9-4DAB-B268-DC1BEC9CF324}.Release|Any CPU.Build.0 = Release|Any CPU
	EndGlobalSection
	GlobalSection(SolutionProperties) = preSolution
		HideSolutionNode = FALSE
	EndGlobalSection
	GlobalSection(NestedProjects) = preSolution
		{688EE156-78F8-4E96-8ECA-E34BAA0E1930} = {0DC2F83C-1E53-41FB-B503-87A2BD7ED93B}
		{44DDA765-17B9-4DAB-B268-DC1BEC9CF324} = {B0BA9CD3-9DBE-4BC0-979E-EDF8A3F6CA95}
	EndGlobalSection
	GlobalSection(ExtensibilityGlobals) = postSolution
		SolutionGuid = {1BFB09E0-AA66-4A36-97A3-C8C7E3667E08}
	EndGlobalSection
EndGlobal
